
Microsoft Visual Studio Solution File, Format Version 12.00
# Visual Studio Version 17
VisualStudioVersion = 17.7.34003.232
MinimumVisualStudioVersion = 10.0.40219.1
Project("{9A19103F-16F7-4668-BE54-9A1E7A4F7556}") = "Library Project", "Library Project\Library Project.csproj", "{53AC7CF5-C881-4510-9CEB-2A2B37972E53}"
EndProject
Global
	GlobalSection(SolutionConfigurationPlatforms) = preSolution
		Debug|Any CPU = Debug|Any CPU
		Release|Any CPU = Release|Any CPU
	EndGlobalSection
	GlobalSection(ProjectConfigurationPlatforms) = postSolution
		{53AC7CF5-C881-4510-9CEB-2A2B37972E53}.Debug|Any CPU.ActiveCfg = Debug|Any CPU
		{53AC7CF5-C881-4510-9CEB-2A2B37972E53}.Debug|Any CPU.Build.0 = Debug|Any CPU
		{53AC7CF5-C881-4510-9CEB-2A2B37972E53}.Release|Any CPU.ActiveCfg = Release|Any CPU
		{53AC7CF5-C881-4510-9CEB-2A2B37972E53}.Release|Any CPU.Build.0 = Release|Any CPU
	EndGlobalSection
	GlobalSection(SolutionProperties) = preSolution
		HideSolutionNode = FALSE
	EndGlobalSection
	GlobalSection(ExtensibilityGlobals) = postSolution
		SolutionGuid = {3BC25D31-63D1-473D-98E7-7B07BC649CD7}
	EndGlobalSection
EndGlobal
